
Microsoft Visual Studio Solution File, Format Version 12.00
# Visual Studio Version 16
VisualStudioVersion = 16.0.29920.165
MinimumVisualStudioVersion = 10.0.40219.1
Project("{888888A0-9F3D-457C-B088-3A5042F75D52}") = "dht_client.py", "dht_client.py.pyproj", "{F156081D-0593-4CB5-ADEA-BEBCA83D5209}"
EndProject
Global
	GlobalSection(SolutionConfigurationPlatforms) = preSolution
		Debug|Any CPU = Debug|Any CPU
		Release|Any CPU = Release|Any CPU
	EndGlobalSection
	GlobalSection(ProjectConfigurationPlatforms) = postSolution
		{F156081D-0593-4CB5-ADEA-BEBCA83D5209}.Debug|Any CPU.ActiveCfg = Debug|Any CPU
		{F156081D-0593-4CB5-ADEA-BEBCA83D5209}.Release|Any CPU.ActiveCfg = Release|Any CPU
	EndGlobalSection
	GlobalSection(SolutionProperties) = preSolution
		HideSolutionNode = FALSE
	EndGlobalSection
	GlobalSection(ExtensibilityGlobals) = postSolution
		SolutionGuid = {A506664B-D23E-4EB4-B44E-1804FDD8E8F2}
	EndGlobalSection
EndGlobal
